
Microsoft Visual Studio Solution File, Format Version 12.00
# Visual Studio Version 17
VisualStudioVersion = 17.0.31903.59
MinimumVisualStudioVersion = 10.0.40219.1
Project("{FAE04EC0-301F-11D3-BF4B-00C04F79EFBC}") = "API", "API\API.csproj", "{80E7E701-3D21-4142-93DF-705602B0B80D}"
EndProject
Project("{FAE04EC0-301F-11D3-BF4B-00C04F79EFBC}") = "Core", "Core\Core.csproj", "{6D0FD6B5-F784-4C85-BDCC-0E4E354172C0}"
EndProject
Project("{FAE04EC0-301F-11D3-BF4B-00C04F79EFBC}") = "Infrastructure", "Infrastructure\Infrastructure.csproj", "{4FB60AE4-BE2B-4F58-9C2D-D272B900ADB5}"
EndProject
Global
	GlobalSection(SolutionConfigurationPlatforms) = preSolution
		Debug|Any CPU = Debug|Any CPU
		Release|Any CPU = Release|Any CPU
	EndGlobalSection
	GlobalSection(SolutionProperties) = preSolution
		HideSolutionNode = FALSE
	EndGlobalSection
	GlobalSection(ProjectConfigurationPlatforms) = postSolution
		{80E7E701-3D21-4142-93DF-705602B0B80D}.Debug|Any CPU.ActiveCfg = Debug|Any CPU
		{80E7E701-3D21-4142-93DF-705602B0B80D}.Debug|Any CPU.Build.0 = Debug|Any CPU
		{80E7E701-3D21-4142-93DF-705602B0B80D}.Release|Any CPU.ActiveCfg = Release|Any CPU
		{80E7E701-3D21-4142-93DF-705602B0B80D}.Release|Any CPU.Build.0 = Release|Any CPU
		{6D0FD6B5-F784-4C85-BDCC-0E4E354172C0}.Debug|Any CPU.ActiveCfg = Debug|Any CPU
		{6D0FD6B5-F784-4C85-BDCC-0E4E354172C0}.Debug|Any CPU.Build.0 = Debug|Any CPU
		{6D0FD6B5-F784-4C85-BDCC-0E4E354172C0}.Release|Any CPU.ActiveCfg = Release|Any CPU
		{6D0FD6B5-F784-4C85-BDCC-0E4E354172C0}.Release|Any CPU.Build.0 = Release|Any CPU
		{4FB60AE4-BE2B-4F58-9C2D-D272B900ADB5}.Debug|Any CPU.ActiveCfg = Debug|Any CPU
		{4FB60AE4-BE2B-4F58-9C2D-D272B900ADB5}.Debug|Any CPU.Build.0 = Debug|Any CPU
		{4FB60AE4-BE2B-4F58-9C2D-D272B900ADB5}.Release|Any CPU.ActiveCfg = Release|Any CPU
		{4FB60AE4-BE2B-4F58-9C2D-D272B900ADB5}.Release|Any CPU.Build.0 = Release|Any CPU
	EndGlobalSection
EndGlobal
